{
  "name": "protocolfoundry",
  "version": "0.0.1",
  "lockfileVersion": 3,
  "requires": true,
  "packages": {
    "": {
      "name": "protocolfoundry",
      "version": "0.0.1",
      "workspaces": [
        "apps/*",
        "packages/*"
      ],
      "devDependencies": {
        "typescript": "^5.7.0"
      },
      "engines": {
        "node": ">=22"
      }
    },
    "node_modules/@protocolfoundry/core": {
      "resolved": "packages/core",
      "link": true
    },
    "node_modules/@protocolfoundry/discovery": {
      "resolved": "packages/discovery",
      "link": true
    },
    "node_modules/@protocolfoundry/generator": {
      "resolved": "packages/generator",
      "link": true
    },
    "node_modules/typescript": {
      "version": "5.9.3",
      "resolved": "https://registry.npmjs.org/typescript/-/typescript-5.9.3.tgz",
      "integrity": "sha512-jl1vZzPDinLr9eUt3J/t7V6FgNEw9QjvBPdysz9KfQDD41fQrC2Y4vKQdiaUpFT4bXlb1RHhLpp8wtm6M5TgSw==",
      "dev": true,
      "license": "Apache-2.0",
      "bin": {
        "tsc": "bin/tsc",
        "tsserver": "bin/tsserver"
      },
      "engines": {
        "node": ">=14.17"
      }
    },
    "node_modules/zod": {
      "version": "3.25.76",
      "resolved": "https://registry.npmjs.org/zod/-/zod-3.25.76.tgz",
      "integrity": "sha512-gzUt/qt81nXsFGKIFcC3YnfEAx5NkunCfnDlvuBSSFS02bcXu4Lmea0AFIUwbLWxWPx3d9p8S5QoaujKcNQxcQ==",
      "license": "MIT",
      "funding": {
        "url": "https://github.com/sponsors/colinhacks"
      }
    },
    "packages/core": {
      "name": "@protocolfoundry/core",
      "version": "0.0.1",
      "dependencies": {
        "zod": "^3.24.0"
      }
    },
    "packages/discovery": {
      "name": "@protocolfoundry/discovery",
      "version": "0.0.1",
      "dependencies": {
        "@protocolfoundry/core": "*"
      }
    },
    "packages/generator": {
      "name": "@protocolfoundry/generator",
      "version": "0.0.1",
      "dependencies": {
        "@protocolfoundry/core": "*"
      }
    }
  }
}
